
Microsoft Visual Studio Solution File, Format Version 12.00
# Visual Studio Version 16
VisualStudioVersion = 16.0.31205.134
MinimumVisualStudioVersion = 10.0.40219.1
Project("{FAE04EC0-301F-11D3-BF4B-00C04F79EFBC}") = "MongoDBAPI", "MongoDBAPI\MongoDBAPI.csproj", "{08230182-CAD2-498B-BF84-92B4C45FA26D}"
EndProject
Global
	GlobalSection(SolutionConfigurationPlatforms) = preSolution
		Debug|Any CPU = Debug|Any CPU
		Release|Any CPU = Release|Any CPU
	EndGlobalSection
	GlobalSection(ProjectConfigurationPlatforms) = postSolution
		{08230182-CAD2-498B-BF84-92B4C45FA26D}.Debug|Any CPU.ActiveCfg = Debug|Any CPU
		{08230182-CAD2-498B-BF84-92B4C45FA26D}.Debug|Any CPU.Build.0 = Debug|Any CPU
		{08230182-CAD2-498B-BF84-92B4C45FA26D}.Release|Any CPU.ActiveCfg = Release|Any CPU
		{08230182-CAD2-498B-BF84-92B4C45FA26D}.Release|Any CPU.Build.0 = Release|Any CPU
	EndGlobalSection
	GlobalSection(SolutionProperties) = preSolution
		HideSolutionNode = FALSE
	EndGlobalSection
	GlobalSection(ExtensibilityGlobals) = postSolution
		SolutionGuid = {A4176420-6B6D-438D-8DD0-CFDB6E699435}
	EndGlobalSection
EndGlobal
